
Microsoft Visual Studio Solution File, Format Version 12.00
# Visual Studio 15
VisualStudioVersion = 15.0.28307.271
MinimumVisualStudioVersion = 10.0.40219.1
Project("{8BC9CEB8-8B4A-11D0-8D11-00A0C91BC942}") = "InsertSort", "InsertSort\InsertSort.vcxproj", "{C80FD051-EE1D-4772-AFDA-B02496348025}"
EndProject
Global
	GlobalSection(SolutionConfigurationPlatforms) = preSolution
		Debug|x64 = Debug|x64
		Debug|x86 = Debug|x86
		Release|x64 = Release|x64
		Release|x86 = Release|x86
	EndGlobalSection
	GlobalSection(ProjectConfigurationPlatforms) = postSolution
		{C80FD051-EE1D-4772-AFDA-B02496348025}.Debug|x64.ActiveCfg = Debug|x64
		{C80FD051-EE1D-4772-AFDA-B02496348025}.Debug|x64.Build.0 = Debug|x64
		{C80FD051-EE1D-4772-AFDA-B02496348025}.Debug|x86.ActiveCfg = Debug|Win32
		{C80FD051-EE1D-4772-AFDA-B02496348025}.Debug|x86.Build.0 = Debug|Win32
		{C80FD051-EE1D-4772-AFDA-B02496348025}.Release|x64.ActiveCfg = Release|x64
		{C80FD051-EE1D-4772-AFDA-B02496348025}.Release|x64.Build.0 = Release|x64
		{C80FD051-EE1D-4772-AFDA-B02496348025}.Release|x86.ActiveCfg = Release|Win32
		{C80FD051-EE1D-4772-AFDA-B02496348025}.Release|x86.Build.0 = Release|Win32
	EndGlobalSection
	GlobalSection(SolutionProperties) = preSolution
		HideSolutionNode = FALSE
	EndGlobalSection
	GlobalSection(ExtensibilityGlobals) = postSolution
		SolutionGuid = {366F1B5B-7F98-4710-A1C9-8730A6BA14C6}
	EndGlobalSection
EndGlobal
