
Microsoft Visual Studio Solution File, Format Version 12.00
# Visual Studio 15
VisualStudioVersion = 15.0.28307.271
MinimumVisualStudioVersion = 10.0.40219.1
Project("{8BC9CEB8-8B4A-11D0-8D11-00A0C91BC942}") = "416._PartitionEqualSubsetSum", "416._PartitionEqualSubsetSum\416._PartitionEqualSubsetSum.vcxproj", "{4E897B1D-C4D5-4ACD-8E00-705BBF1068EC}"
EndProject
Global
	GlobalSection(SolutionConfigurationPlatforms) = preSolution
		Debug|x64 = Debug|x64
		Debug|x86 = Debug|x86
		Release|x64 = Release|x64
		Release|x86 = Release|x86
	EndGlobalSection
	GlobalSection(ProjectConfigurationPlatforms) = postSolution
		{4E897B1D-C4D5-4ACD-8E00-705BBF1068EC}.Debug|x64.ActiveCfg = Debug|x64
		{4E897B1D-C4D5-4ACD-8E00-705BBF1068EC}.Debug|x64.Build.0 = Debug|x64
		{4E897B1D-C4D5-4ACD-8E00-705BBF1068EC}.Debug|x86.ActiveCfg = Debug|Win32
		{4E897B1D-C4D5-4ACD-8E00-705BBF1068EC}.Debug|x86.Build.0 = Debug|Win32
		{4E897B1D-C4D5-4ACD-8E00-705BBF1068EC}.Release|x64.ActiveCfg = Release|x64
		{4E897B1D-C4D5-4ACD-8E00-705BBF1068EC}.Release|x64.Build.0 = Release|x64
		{4E897B1D-C4D5-4ACD-8E00-705BBF1068EC}.Release|x86.ActiveCfg = Release|Win32
		{4E897B1D-C4D5-4ACD-8E00-705BBF1068EC}.Release|x86.Build.0 = Release|Win32
	EndGlobalSection
	GlobalSection(SolutionProperties) = preSolution
		HideSolutionNode = FALSE
	EndGlobalSection
	GlobalSection(ExtensibilityGlobals) = postSolution
		SolutionGuid = {32BAE0B6-B81F-4310-AEFC-F420D8577F8F}
	EndGlobalSection
EndGlobal
